
Microsoft Visual Studio Solution File, Format Version 12.00
# Visual Studio Version 17
VisualStudioVersion = 17.11.35219.272
MinimumVisualStudioVersion = 10.0.40219.1
Project("{FAE04EC0-301F-11D3-BF4B-00C04F79EFBC}") = "PrincipioSRP1", "PrincipioSRP1\PrincipioSRP1.csproj", "{9A82F2F3-AB50-466A-80E6-A6D90EF257A7}"
EndProject
Global
	GlobalSection(SolutionConfigurationPlatforms) = preSolution
		Debug|Any CPU = Debug|Any CPU
		Release|Any CPU = Release|Any CPU
	EndGlobalSection
	GlobalSection(ProjectConfigurationPlatforms) = postSolution
		{9A82F2F3-AB50-466A-80E6-A6D90EF257A7}.Debug|Any CPU.ActiveCfg = Debug|Any CPU
		{9A82F2F3-AB50-466A-80E6-A6D90EF257A7}.Debug|Any CPU.Build.0 = Debug|Any CPU
		{9A82F2F3-AB50-466A-80E6-A6D90EF257A7}.Release|Any CPU.ActiveCfg = Release|Any CPU
		{9A82F2F3-AB50-466A-80E6-A6D90EF257A7}.Release|Any CPU.Build.0 = Release|Any CPU
	EndGlobalSection
	GlobalSection(SolutionProperties) = preSolution
		HideSolutionNode = FALSE
	EndGlobalSection
	GlobalSection(ExtensibilityGlobals) = postSolution
		SolutionGuid = {FFF7FED3-A38E-4B8A-980B-7E141AED2787}
	EndGlobalSection
EndGlobal
